<?xml version="1.0" encoding="UTF-8" standalone="yes" ?>
<CodeBlocks_project_file>
   <FileVersion major="1" minor="6" />
   <Project>
      <Option title="ObRoDecoder" />
      <Option makefile_is_custom="1" />
      <Option compiler="gcc" />
      <Option virtualFolders="CMake Files\;" />
      <Build>
      <Target title="all">
         <Option working_dir="/home/odin/Desktop/Kvasir/build-ObRoDecoder-Desktop-Default" />
         <Option type="4" />
         <MakeCommands>
            <Build command="/usr/bin/make -f &quot;/home/odin/Desktop/Kvasir/build-ObRoDecoder-Desktop-Default/Makefile&quot;  VERBOSE=1 all" />
            <CompileFile command="/usr/bin/make -f &quot;/home/odin/Desktop/Kvasir/build-ObRoDecoder-Desktop-Default/Makefile&quot;  VERBOSE=1 &quot;$file&quot;" />
            <Clean command="/usr/bin/make -f &quot;/home/odin/Desktop/Kvasir/build-ObRoDecoder-Desktop-Default/Makefile&quot;  VERBOSE=1 clean" />
            <DistClean command="/usr/bin/make -f &quot;/home/odin/Desktop/Kvasir/build-ObRoDecoder-Desktop-Default/Makefile&quot;  VERBOSE=1 clean" />
         </MakeCommands>
      </Target>
      <Target title="ObRoDecoder">
         <Option output="/home/odin/Desktop/Kvasir/build-ObRoDecoder-Desktop-Default/ObRoDecoder" prefix_auto="0" extension_auto="0" />
         <Option working_dir="/home/odin/Desktop/Kvasir/build-ObRoDecoder-Desktop-Default" />
         <Option object_output="./" />
         <Option type="1" />
         <Option compiler="gcc" />
         <Compiler>
            <Add directory="/usr/include" />
            <Add directory="/usr/include/c++/4.8" />
            <Add directory="/usr/include/c++/4.8/backward" />
            <Add directory="/usr/include/x86_64-linux-gnu" />
            <Add directory="/usr/include/x86_64-linux-gnu/c++/4.8" />
            <Add directory="/usr/lib/gcc/x86_64-linux-gnu/4.8/include" />
            <Add directory="/usr/lib/gcc/x86_64-linux-gnu/4.8/include-fixed" />
            <Add directory="/usr/local/include" />
         </Compiler>
         <MakeCommands>
            <Build command="/usr/bin/make -f &quot;/home/odin/Desktop/Kvasir/build-ObRoDecoder-Desktop-Default/Makefile&quot;  VERBOSE=1 ObRoDecoder" />
            <CompileFile command="/usr/bin/make -f &quot;/home/odin/Desktop/Kvasir/build-ObRoDecoder-Desktop-Default/Makefile&quot;  VERBOSE=1 &quot;$file&quot;" />
            <Clean command="/usr/bin/make -f &quot;/home/odin/Desktop/Kvasir/build-ObRoDecoder-Desktop-Default/Makefile&quot;  VERBOSE=1 clean" />
            <DistClean command="/usr/bin/make -f &quot;/home/odin/Desktop/Kvasir/build-ObRoDecoder-Desktop-Default/Makefile&quot;  VERBOSE=1 clean" />
         </MakeCommands>
      </Target>
      <Target title="ObRoDecoder/fast">
         <Option output="/home/odin/Desktop/Kvasir/build-ObRoDecoder-Desktop-Default/ObRoDecoder" prefix_auto="0" extension_auto="0" />
         <Option working_dir="/home/odin/Desktop/Kvasir/build-ObRoDecoder-Desktop-Default" />
         <Option object_output="./" />
         <Option type="1" />
         <Option compiler="gcc" />
         <Compiler>
            <Add directory="/usr/include" />
            <Add directory="/usr/include/c++/4.8" />
            <Add directory="/usr/include/c++/4.8/backward" />
            <Add directory="/usr/include/x86_64-linux-gnu" />
            <Add directory="/usr/include/x86_64-linux-gnu/c++/4.8" />
            <Add directory="/usr/lib/gcc/x86_64-linux-gnu/4.8/include" />
            <Add directory="/usr/lib/gcc/x86_64-linux-gnu/4.8/include-fixed" />
            <Add directory="/usr/local/include" />
         </Compiler>
         <MakeCommands>
            <Build command="/usr/bin/make -f &quot;/home/odin/Desktop/Kvasir/build-ObRoDecoder-Desktop-Default/Makefile&quot;  VERBOSE=1 ObRoDecoder/fast" />
            <CompileFile command="/usr/bin/make -f &quot;/home/odin/Desktop/Kvasir/build-ObRoDecoder-Desktop-Default/Makefile&quot;  VERBOSE=1 &quot;$file&quot;" />
            <Clean command="/usr/bin/make -f &quot;/home/odin/Desktop/Kvasir/build-ObRoDecoder-Desktop-Default/Makefile&quot;  VERBOSE=1 clean" />
            <DistClean command="/usr/bin/make -f &quot;/home/odin/Desktop/Kvasir/build-ObRoDecoder-Desktop-Default/Makefile&quot;  VERBOSE=1 clean" />
         </MakeCommands>
      </Target>
      <Target title="rebuild_cache">
         <Option working_dir="/home/odin/Desktop/Kvasir/build-ObRoDecoder-Desktop-Default" />
         <Option type="4" />
         <MakeCommands>
            <Build command="/usr/bin/make -f &quot;/home/odin/Desktop/Kvasir/build-ObRoDecoder-Desktop-Default/Makefile&quot;  VERBOSE=1 rebuild_cache" />
            <CompileFile command="/usr/bin/make -f &quot;/home/odin/Desktop/Kvasir/build-ObRoDecoder-Desktop-Default/Makefile&quot;  VERBOSE=1 &quot;$file&quot;" />
            <Clean command="/usr/bin/make -f &quot;/home/odin/Desktop/Kvasir/build-ObRoDecoder-Desktop-Default/Makefile&quot;  VERBOSE=1 clean" />
            <DistClean command="/usr/bin/make -f &quot;/home/odin/Desktop/Kvasir/build-ObRoDecoder-Desktop-Default/Makefile&quot;  VERBOSE=1 clean" />
         </MakeCommands>
      </Target>
      </Build>
      <Unit filename="/home/odin/Desktop/Kvasir/ObRoDecoder/fieldholder.cpp">
      </Unit>
      <Unit filename="/home/odin/Desktop/Kvasir/ObRoDecoder/main.cpp">
      </Unit>
      <Unit filename="/home/odin/Desktop/Kvasir/ObRoDecoder/objectlist.cpp">
      </Unit>
      <Unit filename="/home/odin/Desktop/Kvasir/ObRoDecoder/obro.cpp">
      </Unit>
      <Unit filename="/home/odin/Desktop/Kvasir/ObRoDecoder/fieldholder.hpp">
      </Unit>
      <Unit filename="/home/odin/Desktop/Kvasir/ObRoDecoder/objectlist.hpp">
      </Unit>
      <Unit filename="/home/odin/Desktop/Kvasir/ObRoDecoder/obro.hpp">
      </Unit>
      <Unit filename="/home/odin/Desktop/Kvasir/ObRoDecoder/CMakeLists.txt">
          <Option virtualFolder="CMake Files\" />
      </Unit>
   </Project>
</CodeBlocks_project_file>
